
Microsoft Visual Studio Solution File, Format Version 12.00
# Visual Studio Version 17
Project("{8BC9CEB8-8B4A-11D0-8D11-00A0C91BC942}") = "ALL_BUILD", "ALL_BUILD.vcxproj", "{41CA272E-401C-37B2-BF10-344B61326878}"
	ProjectSection(ProjectDependencies) = postProject
		{4C42429D-C107-37DF-8D6B-6CCF04174203} = {4C42429D-C107-37DF-8D6B-6CCF04174203}
		{19553FA7-B9A0-3D28-8EA5-9D2C0579A4F6} = {19553FA7-B9A0-3D28-8EA5-9D2C0579A4F6}
	EndProjectSection
EndProject
Project("{8BC9CEB8-8B4A-11D0-8D11-00A0C91BC942}") = "ZERO_CHECK", "ZERO_CHECK.vcxproj", "{4C42429D-C107-37DF-8D6B-6CCF04174203}"
	ProjectSection(ProjectDependencies) = postProject
	EndProjectSection
EndProject
Project("{8BC9CEB8-8B4A-11D0-8D11-00A0C91BC942}") = "sfml_sample", "sfml_sample.vcxproj", "{19553FA7-B9A0-3D28-8EA5-9D2C0579A4F6}"
	ProjectSection(ProjectDependencies) = postProject
		{4C42429D-C107-37DF-8D6B-6CCF04174203} = {4C42429D-C107-37DF-8D6B-6CCF04174203}
	EndProjectSection
EndProject
Global
	GlobalSection(SolutionConfigurationPlatforms) = preSolution
		Debug|x64 = Debug|x64
		Release|x64 = Release|x64
		MinSizeRel|x64 = MinSizeRel|x64
		RelWithDebInfo|x64 = RelWithDebInfo|x64
	EndGlobalSection
	GlobalSection(ProjectConfigurationPlatforms) = postSolution
		{41CA272E-401C-37B2-BF10-344B61326878}.Debug|x64.ActiveCfg = Debug|x64
		{41CA272E-401C-37B2-BF10-344B61326878}.Release|x64.ActiveCfg = Release|x64
		{41CA272E-401C-37B2-BF10-344B61326878}.MinSizeRel|x64.ActiveCfg = MinSizeRel|x64
		{41CA272E-401C-37B2-BF10-344B61326878}.RelWithDebInfo|x64.ActiveCfg = RelWithDebInfo|x64
		{4C42429D-C107-37DF-8D6B-6CCF04174203}.Debug|x64.ActiveCfg = Debug|x64
		{4C42429D-C107-37DF-8D6B-6CCF04174203}.Debug|x64.Build.0 = Debug|x64
		{4C42429D-C107-37DF-8D6B-6CCF04174203}.Release|x64.ActiveCfg = Release|x64
		{4C42429D-C107-37DF-8D6B-6CCF04174203}.Release|x64.Build.0 = Release|x64
		{4C42429D-C107-37DF-8D6B-6CCF04174203}.MinSizeRel|x64.ActiveCfg = MinSizeRel|x64
		{4C42429D-C107-37DF-8D6B-6CCF04174203}.MinSizeRel|x64.Build.0 = MinSizeRel|x64
		{4C42429D-C107-37DF-8D6B-6CCF04174203}.RelWithDebInfo|x64.ActiveCfg = RelWithDebInfo|x64
		{4C42429D-C107-37DF-8D6B-6CCF04174203}.RelWithDebInfo|x64.Build.0 = RelWithDebInfo|x64
		{19553FA7-B9A0-3D28-8EA5-9D2C0579A4F6}.Debug|x64.ActiveCfg = Debug|x64
		{19553FA7-B9A0-3D28-8EA5-9D2C0579A4F6}.Debug|x64.Build.0 = Debug|x64
		{19553FA7-B9A0-3D28-8EA5-9D2C0579A4F6}.Release|x64.ActiveCfg = Release|x64
		{19553FA7-B9A0-3D28-8EA5-9D2C0579A4F6}.Release|x64.Build.0 = Release|x64
		{19553FA7-B9A0-3D28-8EA5-9D2C0579A4F6}.MinSizeRel|x64.ActiveCfg = MinSizeRel|x64
		{19553FA7-B9A0-3D28-8EA5-9D2C0579A4F6}.MinSizeRel|x64.Build.0 = MinSizeRel|x64
		{19553FA7-B9A0-3D28-8EA5-9D2C0579A4F6}.RelWithDebInfo|x64.ActiveCfg = RelWithDebInfo|x64
		{19553FA7-B9A0-3D28-8EA5-9D2C0579A4F6}.RelWithDebInfo|x64.Build.0 = RelWithDebInfo|x64
	EndGlobalSection
	GlobalSection(ExtensibilityGlobals) = postSolution
		SolutionGuid = {72AC9637-F009-3454-B95A-1D01F80F344B}
	EndGlobalSection
	GlobalSection(ExtensibilityAddIns) = postSolution
	EndGlobalSection
EndGlobal
